
Microsoft Visual Studio Solution File, Format Version 12.00
# Visual Studio Version 17
VisualStudioVersion = 17.10.34916.146
MinimumVisualStudioVersion = 10.0.40219.1
Project("{9A19103F-16F7-4668-BE54-9A1E7A4F7556}") = "01.SingleInheritance", "01.SingleInheritance\01.SingleInheritance.csproj", "{C790A9EC-7A52-4486-A150-E77348694864}"
EndProject
Project("{9A19103F-16F7-4668-BE54-9A1E7A4F7556}") = "MultipleInheritance", "MultipleInheritance\MultipleInheritance.csproj", "{2D21069A-73C2-4AB5-A7AC-F1738FC139F5}"
EndProject
Project("{9A19103F-16F7-4668-BE54-9A1E7A4F7556}") = "HierarchicalInheritance", "HierarchicalInheritance\HierarchicalInheritance.csproj", "{3AAE55F7-2733-4B87-9683-565D3D3D9676}"
EndProject
Project("{9A19103F-16F7-4668-BE54-9A1E7A4F7556}") = "RandomList", "RandomList\RandomList.csproj", "{D1838AA2-6DF2-464A-9A05-A8F9F90F9DE8}"
EndProject
Project("{FAE04EC0-301F-11D3-BF4B-00C04F79EFBC}") = "CustomStack", "CustomStack\CustomStack.csproj", "{2FF4978B-51F1-4ABF-93D9-BCC3709081ED}"
EndProject
Global
	GlobalSection(SolutionConfigurationPlatforms) = preSolution
		Debug|Any CPU = Debug|Any CPU
		Release|Any CPU = Release|Any CPU
	EndGlobalSection
	GlobalSection(ProjectConfigurationPlatforms) = postSolution
		{C790A9EC-7A52-4486-A150-E77348694864}.Debug|Any CPU.ActiveCfg = Debug|Any CPU
		{C790A9EC-7A52-4486-A150-E77348694864}.Debug|Any CPU.Build.0 = Debug|Any CPU
		{C790A9EC-7A52-4486-A150-E77348694864}.Release|Any CPU.ActiveCfg = Release|Any CPU
		{C790A9EC-7A52-4486-A150-E77348694864}.Release|Any CPU.Build.0 = Release|Any CPU
		{2D21069A-73C2-4AB5-A7AC-F1738FC139F5}.Debug|Any CPU.ActiveCfg = Debug|Any CPU
		{2D21069A-73C2-4AB5-A7AC-F1738FC139F5}.Debug|Any CPU.Build.0 = Debug|Any CPU
		{2D21069A-73C2-4AB5-A7AC-F1738FC139F5}.Release|Any CPU.ActiveCfg = Release|Any CPU
		{2D21069A-73C2-4AB5-A7AC-F1738FC139F5}.Release|Any CPU.Build.0 = Release|Any CPU
		{3AAE55F7-2733-4B87-9683-565D3D3D9676}.Debug|Any CPU.ActiveCfg = Debug|Any CPU
		{3AAE55F7-2733-4B87-9683-565D3D3D9676}.Debug|Any CPU.Build.0 = Debug|Any CPU
		{3AAE55F7-2733-4B87-9683-565D3D3D9676}.Release|Any CPU.ActiveCfg = Release|Any CPU
		{3AAE55F7-2733-4B87-9683-565D3D3D9676}.Release|Any CPU.Build.0 = Release|Any CPU
		{D1838AA2-6DF2-464A-9A05-A8F9F90F9DE8}.Debug|Any CPU.ActiveCfg = Debug|Any CPU
		{D1838AA2-6DF2-464A-9A05-A8F9F90F9DE8}.Debug|Any CPU.Build.0 = Debug|Any CPU
		{D1838AA2-6DF2-464A-9A05-A8F9F90F9DE8}.Release|Any CPU.ActiveCfg = Release|Any CPU
		{D1838AA2-6DF2-464A-9A05-A8F9F90F9DE8}.Release|Any CPU.Build.0 = Release|Any CPU
		{2FF4978B-51F1-4ABF-93D9-BCC3709081ED}.Debug|Any CPU.ActiveCfg = Debug|Any CPU
		{2FF4978B-51F1-4ABF-93D9-BCC3709081ED}.Debug|Any CPU.Build.0 = Debug|Any CPU
		{2FF4978B-51F1-4ABF-93D9-BCC3709081ED}.Release|Any CPU.ActiveCfg = Release|Any CPU
		{2FF4978B-51F1-4ABF-93D9-BCC3709081ED}.Release|Any CPU.Build.0 = Release|Any CPU
	EndGlobalSection
	GlobalSection(SolutionProperties) = preSolution
		HideSolutionNode = FALSE
	EndGlobalSection
	GlobalSection(ExtensibilityGlobals) = postSolution
		SolutionGuid = {D2747610-1769-479D-9899-620D47FE947A}
	EndGlobalSection
EndGlobal
